// !$*UTF8*$!
{
	archiveVersion = 1;
	classes = {
	};
	objectVersion = 56;
	objects = {

/* Begin PBXBuildFile section */
		B67ECFB32A5F4AA20052CA79 /* LocationsListView.swift in Sources */ = {isa = PBXBuildFile; fileRef = B67ECFB22A5F4AA20052CA79 /* LocationsListView.swift */; };
		B67ECFB52A5FF2B40052CA79 /* LocationPreviewView.swift in Sources */ = {isa = PBXBuildFile; fileRef = B67ECFB42A5FF2B40052CA79 /* LocationPreviewView.swift */; };
		B67ECFB72A6008510052CA79 /* LocationMapAnnotationView.swift in Sources */ = {isa = PBXBuildFile; fileRef = B67ECFB62A6008510052CA79 /* LocationMapAnnotationView.swift */; };
		B6ABF5A22A2CF8DA00E0A40B /* SwiftUIMapAppApp.swift in Sources */ = {isa = PBXBuildFile; fileRef = B6ABF5A12A2CF8DA00E0A40B /* SwiftUIMapAppApp.swift */; };
		B6ABF5A42A2CF8DA00E0A40B /* ContentView.swift in Sources */ = {isa = PBXBuildFile; fileRef = B6ABF5A32A2CF8DA00E0A40B /* ContentView.swift */; };
		B6ABF5A92A2CF8DB00E0A40B /* Preview Assets.xcassets in Resources */ = {isa = PBXBuildFile; fileRef = B6ABF5A82A2CF8DB00E0A40B /* Preview Assets.xcassets */; };
		B6ABF5B02A2CFAA600E0A40B /* Assets.xcassets in Resources */ = {isa = PBXBuildFile; fileRef = B6ABF5AF2A2CFAA600E0A40B /* Assets.xcassets */; };
		B6ABF5B52A2CFB5E00E0A40B /* Location.swift in Sources */ = {isa = PBXBuildFile; fileRef = B6ABF5B42A2CFB5E00E0A40B /* Location.swift */; };
		B6ABF5B82A2CFC2C00E0A40B /* LocationsDataService.swift in Sources */ = {isa = PBXBuildFile; fileRef = B6ABF5B72A2CFC2C00E0A40B /* LocationsDataService.swift */; };
		B6C0138C2A5D44EF00FF8937 /* LocationsView.swift in Sources */ = {isa = PBXBuildFile; fileRef = B6C0138B2A5D44EF00FF8937 /* LocationsView.swift */; };
		B6C0138E2A5E043200FF8937 /* LocationsViewModel.swift in Sources */ = {isa = PBXBuildFile; fileRef = B6C0138D2A5E043200FF8937 /* LocationsViewModel.swift */; };
/* End PBXBuildFile section */

/* Begin PBXFileReference section */
		B67ECFB22A5F4AA20052CA79 /* LocationsListView.swift */ = {isa = PBXFileReference; lastKnownFileType = sourcecode.swift; path = LocationsListView.swift; sourceTree = "<group>"; };
		B67ECFB42A5FF2B40052CA79 /* LocationPreviewView.swift */ = {isa = PBXFileReference; lastKnownFileType = sourcecode.swift; path = LocationPreviewView.swift; sourceTree = "<group>"; };
		B67ECFB62A6008510052CA79 /* LocationMapAnnotationView.swift */ = {isa = PBXFileReference; lastKnownFileType = sourcecode.swift; path = LocationMapAnnotationView.swift; sourceTree = "<group>"; };
		B6ABF59E2A2CF8DA00E0A40B /* SwiftUIMapApp.app */ = {isa = PBXFileReference; explicitFileType = wrapper.application; includeInIndex = 0; path = SwiftUIMapApp.app; sourceTree = BUILT_PRODUCTS_DIR; };
		B6ABF5A12A2CF8DA00E0A40B /* SwiftUIMapAppApp.swift */ = {isa = PBXFileReference; lastKnownFileType = sourcecode.swift; path = SwiftUIMapAppApp.swift; sourceTree = "<group>"; };
		B6ABF5A32A2CF8DA00E0A40B /* ContentView.swift */ = {isa = PBXFileReference; lastKnownFileType = sourcecode.swift; path = ContentView.swift; sourceTree = "<group>"; };
		B6ABF5A82A2CF8DB00E0A40B /* Preview Assets.xcassets */ = {isa = PBXFileReference; lastKnownFileType = folder.assetcatalog; path = "Preview Assets.xcassets"; sourceTree = "<group>"; };
		B6ABF5AF2A2CFAA600E0A40B /* Assets.xcassets */ = {isa = PBXFileReference; lastKnownFileType = folder.assetcatalog; path = Assets.xcassets; sourceTree = "<group>"; };
		B6ABF5B42A2CFB5E00E0A40B /* Location.swift */ = {isa = PBXFileReference; lastKnownFileType = sourcecode.swift; path = Location.swift; sourceTree = "<group>"; };
		B6ABF5B72A2CFC2C00E0A40B /* LocationsDataService.swift */ = {isa = PBXFileReference; fileEncoding = 4; lastKnownFileType = sourcecode.swift; path = LocationsDataService.swift; sourceTree = "<group>"; };
		B6C0138B2A5D44EF00FF8937 /* LocationsView.swift */ = {isa = PBXFileReference; lastKnownFileType = sourcecode.swift; path = LocationsView.swift; sourceTree = "<group>"; };
		B6C0138D2A5E043200FF8937 /* LocationsViewModel.swift */ = {isa = PBXFileReference; lastKnownFileType = sourcecode.swift; path = LocationsViewModel.swift; sourceTree = "<group>"; };
/* End PBXFileReference section */

/* Begin PBXFrameworksBuildPhase section */
		B6ABF59B2A2CF8DA00E0A40B /* Frameworks */ = {
			isa = PBXFrameworksBuildPhase;
			buildActionMask = 2147483647;
			files = (
			);
			runOnlyForDeploymentPostprocessing = 0;
		};
/* End PBXFrameworksBuildPhase section */

/* Begin PBXGroup section */
		B6ABF5952A2CF8DA00E0A40B = {
			isa = PBXGroup;
			children = (
				B6ABF5A02A2CF8DA00E0A40B /* SwiftUIMapApp */,
				B6ABF59F2A2CF8DA00E0A40B /* Products */,
			);
			sourceTree = "<group>";
		};
		B6ABF59F2A2CF8DA00E0A40B /* Products */ = {
			isa = PBXGroup;
			children = (
				B6ABF59E2A2CF8DA00E0A40B /* SwiftUIMapApp.app */,
			);
			name = Products;
			sourceTree = "<group>";
		};
		B6ABF5A02A2CF8DA00E0A40B /* SwiftUIMapApp */ = {
			isa = PBXGroup;
			children = (
				B6ABF5B62A2CFC1D00E0A40B /* DataServices */,
				B6ABF5B32A2CFAFF00E0A40B /* ViewModels */,
				B6ABF5B22A2CFAFA00E0A40B /* Views */,
				B6ABF5B12A2CFAF400E0A40B /* Models */,
				B6ABF5A12A2CF8DA00E0A40B /* SwiftUIMapAppApp.swift */,
				B6ABF5A32A2CF8DA00E0A40B /* ContentView.swift */,
				B6ABF5AF2A2CFAA600E0A40B /* Assets.xcassets */,
				B6ABF5A72A2CF8DB00E0A40B /* Preview Content */,
			);
			path = SwiftUIMapApp;
			sourceTree = "<group>";
		};
		B6ABF5A72A2CF8DB00E0A40B /* Preview Content */ = {
			isa = PBXGroup;
			children = (
				B6ABF5A82A2CF8DB00E0A40B /* Preview Assets.xcassets */,
			);
			path = "Preview Content";
			sourceTree = "<group>";
		};
		B6ABF5B12A2CFAF400E0A40B /* Models */ = {
			isa = PBXGroup;
			children = (
				B6ABF5B42A2CFB5E00E0A40B /* Location.swift */,
			);
			path = Models;
			sourceTree = "<group>";
		};
		B6ABF5B22A2CFAFA00E0A40B /* Views */ = {
			isa = PBXGroup;
			children = (
				B6C0138B2A5D44EF00FF8937 /* LocationsView.swift */,
				B67ECFB22A5F4AA20052CA79 /* LocationsListView.swift */,
				B67ECFB42A5FF2B40052CA79 /* LocationPreviewView.swift */,
				B67ECFB62A6008510052CA79 /* LocationMapAnnotationView.swift */,
			);
			path = Views;
			sourceTree = "<group>";
		};
		B6ABF5B32A2CFAFF00E0A40B /* ViewModels */ = {
			isa = PBXGroup;
			children = (
				B6C0138D2A5E043200FF8937 /* LocationsViewModel.swift */,
			);
			path = ViewModels;
			sourceTree = "<group>";
		};
		B6ABF5B62A2CFC1D00E0A40B /* DataServices */ = {
			isa = PBXGroup;
			children = (
				B6ABF5B72A2CFC2C00E0A40B /* LocationsDataService.swift */,
			);
			path = DataServices;
			sourceTree = "<group>";
		};
/* End PBXGroup section */

/* Begin PBXNativeTarget section */
		B6ABF59D2A2CF8DA00E0A40B /* SwiftUIMapApp */ = {
			isa = PBXNativeTarget;
			buildConfigurationList = B6ABF5AC2A2CF8DB00E0A40B /* Build configuration list for PBXNativeTarget "SwiftUIMapApp" */;
			buildPhases = (
				B6ABF59A2A2CF8DA00E0A40B /* Sources */,
				B6ABF59B2A2CF8DA00E0A40B /* Frameworks */,
				B6ABF59C2A2CF8DA00E0A40B /* Resources */,
			);
			buildRules = (
			);
			dependencies = (
			);
			name = SwiftUIMapApp;
			productName = SwiftUIMapApp;
			productReference = B6ABF59E2A2CF8DA00E0A40B /* SwiftUIMapApp.app */;
			productType = "com.apple.product-type.application";
		};
/* End PBXNativeTarget section */

/* Begin PBXProject section */
		B6ABF5962A2CF8DA00E0A40B /* Project object */ = {
			isa = PBXProject;
			attributes = {
				BuildIndependentTargetsInParallel = 1;
				LastSwiftUpdateCheck = 1420;
				LastUpgradeCheck = 1420;
				TargetAttributes = {
					B6ABF59D2A2CF8DA00E0A40B = {
						CreatedOnToolsVersion = 14.2;
					};
				};
			};
			buildConfigurationList = B6ABF5992A2CF8DA00E0A40B /* Build configuration list for PBXProject "SwiftUIMapApp" */;
			compatibilityVersion = "Xcode 14.0";
			developmentRegion = en;
			hasScannedForEncodings = 0;
			knownRegions = (
				en,
				Base,
			);
			mainGroup = B6ABF5952A2CF8DA00E0A40B;
			productRefGroup = B6ABF59F2A2CF8DA00E0A40B /* Products */;
			projectDirPath = "";
			projectRoot = "";
			targets = (
				B6ABF59D2A2CF8DA00E0A40B /* SwiftUIMapApp */,
			);
		};
/* End PBXProject section */

/* Begin PBXResourcesBuildPhase section */
		B6ABF59C2A2CF8DA00E0A40B /* Resources */ = {
			isa = PBXResourcesBuildPhase;
			buildActionMask = 2147483647;
			files = (
				B6ABF5B02A2CFAA600E0A40B /* Assets.xcassets in Resources */,
				B6ABF5A92A2CF8DB00E0A40B /* Preview Assets.xcassets in Resources */,
			);
			runOnlyForDeploymentPostprocessing = 0;
		};
/* End PBXResourcesBuildPhase section */

/* Begin PBXSourcesBuildPhase section */
		B6ABF59A2A2CF8DA00E0A40B /* Sources */ = {
			isa = PBXSourcesBuildPhase;
			buildActionMask = 2147483647;
			files = (
				B6ABF5B82A2CFC2C00E0A40B /* LocationsDataService.swift in Sources */,
				B67ECFB72A6008510052CA79 /* LocationMapAnnotationView.swift in Sources */,
				B67ECFB32A5F4AA20052CA79 /* LocationsListView.swift in Sources */,
				B67ECFB52A5FF2B40052CA79 /* LocationPreviewView.swift in Sources */,
				B6C0138E2A5E043200FF8937 /* LocationsViewModel.swift in Sources */,
				B6ABF5A42A2CF8DA00E0A40B /* ContentView.swift in Sources */,
				B6C0138C2A5D44EF00FF8937 /* LocationsView.swift in Sources */,
				B6ABF5B52A2CFB5E00E0A40B /* Location.swift in Sources */,
				B6ABF5A22A2CF8DA00E0A40B /* SwiftUIMapAppApp.swift in Sources */,
			);
			runOnlyForDeploymentPostprocessing = 0;
		};
/* End PBXSourcesBuildPhase section */

/* Begin XCBuildConfiguration section */
		B6ABF5AA2A2CF8DB00E0A40B /* Debug */ = {
			isa = XCBuildConfiguration;
			buildSettings = {
				ALWAYS_SEARCH_USER_PATHS = NO;
				CLANG_ANALYZER_NONNULL = YES;
				CLANG_ANALYZER_NUMBER_OBJECT_CONVERSION = YES_AGGRESSIVE;
				CLANG_CXX_LANGUAGE_STANDARD = "gnu++20";
				CLANG_ENABLE_MODULES = YES;
				CLANG_ENABLE_OBJC_ARC = YES;
				CLANG_ENABLE_OBJC_WEAK = YES;
				CLANG_WARN_BLOCK_CAPTURE_AUTORELEASING = YES;
				CLANG_WARN_BOOL_CONVERSION = YES;
				CLANG_WARN_COMMA = YES;
				CLANG_WARN_CONSTANT_CONVERSION = YES;
				CLANG_WARN_DEPRECATED_OBJC_IMPLEMENTATIONS = YES;
				CLANG_WARN_DIRECT_OBJC_ISA_USAGE = YES_ERROR;
				CLANG_WARN_DOCUMENTATION_COMMENTS = YES;
				CLANG_WARN_EMPTY_BODY = YES;
				CLANG_WARN_ENUM_CONVERSION = YES;
				CLANG_WARN_INFINITE_RECURSION = YES;
				CLANG_WARN_INT_CONVERSION = YES;
				CLANG_WARN_NON_LITERAL_NULL_CONVERSION = YES;
				CLANG_WARN_OBJC_IMPLICIT_RETAIN_SELF = YES;
				CLANG_WARN_OBJC_LITERAL_CONVERSION = YES;
				CLANG_WARN_OBJC_ROOT_CLASS = YES_ERROR;
				CLANG_WARN_QUOTED_INCLUDE_IN_FRAMEWORK_HEADER = YES;
				CLANG_WARN_RANGE_LOOP_ANALYSIS = YES;
				CLANG_WARN_STRICT_PROTOTYPES = YES;
				CLANG_WARN_SUSPICIOUS_MOVE = YES;
				CLANG_WARN_UNGUARDED_AVAILABILITY = YES_AGGRESSIVE;
				CLANG_WARN_UNREACHABLE_CODE = YES;
				CLANG_WARN__DUPLICATE_METHOD_MATCH = YES;
				COPY_PHASE_STRIP = NO;
				DEBUG_INFORMATION_FORMAT = dwarf;
				ENABLE_STRICT_OBJC_MSGSEND = YES;
				ENABLE_TESTABILITY = YES;
				GCC_C_LANGUAGE_STANDARD = gnu11;
				GCC_DYNAMIC_NO_PIC = NO;
				GCC_NO_COMMON_BLOCKS = YES;
				GCC_OPTIMIZATION_LEVEL = 0;
				GCC_PREPROCESSOR_DEFINITIONS = (
					"DEBUG=1",
					"$(inherited)",
				);
				GCC_WARN_64_TO_32_BIT_CONVERSION = YES;
				GCC_WARN_ABOUT_RETURN_TYPE = YES_ERROR;
				GCC_WARN_UNDECLARED_SELECTOR = YES;
				GCC_WARN_UNINITIALIZED_AUTOS = YES_AGGRESSIVE;
				GCC_WARN_UNUSED_FUNCTION = YES;
				GCC_WARN_UNUSED_VARIABLE = YES;
				IPHONEOS_DEPLOYMENT_TARGET = 16.2;
				MTL_ENABLE_DEBUG_INFO = INCLUDE_SOURCE;
				MTL_FAST_MATH = YES;
				ONLY_ACTIVE_ARCH = YES;
				SDKROOT = iphoneos;
				SWIFT_ACTIVE_COMPILATION_CONDITIONS = DEBUG;
				SWIFT_OPTIMIZATION_LEVEL = "-Onone";
			};
			name = Debug;
		};
		B6ABF5AB2A2CF8DB00E0A40B /* Release */ = {
			isa = XCBuildConfiguration;
			buildSettings = {
				ALWAYS_SEARCH_USER_PATHS = NO;
				CLANG_ANALYZER_NONNULL = YES;
				CLANG_ANALYZER_NUMBER_OBJECT_CONVERSION = YES_AGGRESSIVE;
				CLANG_CXX_LANGUAGE_STANDARD = "gnu++20";
				CLANG_ENABLE_MODULES = YES;
				CLANG_ENABLE_OBJC_ARC = YES;
				CLANG_ENABLE_OBJC_WEAK = YES;
				CLANG_WARN_BLOCK_CAPTURE_AUTORELEASING = YES;
				CLANG_WARN_BOOL_CONVERSION = YES;
				CLANG_WARN_COMMA = YES;
				CLANG_WARN_CONSTANT_CONVERSION = YES;
				CLANG_WARN_DEPRECATED_OBJC_IMPLEMENTATIONS = YES;
				CLANG_WARN_DIRECT_OBJC_ISA_USAGE = YES_ERROR;
				CLANG_WARN_DOCUMENTATION_COMMENTS = YES;
				CLANG_WARN_EMPTY_BODY = YES;
				CLANG_WARN_ENUM_CONVERSION = YES;
				CLANG_WARN_INFINITE_RECURSION = YES;
				CLANG_WARN_INT_CONVERSION = YES;
				CLANG_WARN_NON_LITERAL_NULL_CONVERSION = YES;
				CLANG_WARN_OBJC_IMPLICIT_RETAIN_SELF = YES;
				CLANG_WARN_OBJC_LITERAL_CONVERSION = YES;
				CLANG_WARN_OBJC_ROOT_CLASS = YES_ERROR;
				CLANG_WARN_QUOTED_INCLUDE_IN_FRAMEWORK_HEADER = YES;
				CLANG_WARN_RANGE_LOOP_ANALYSIS = YES;
				CLANG_WARN_STRICT_PROTOTYPES = YES;
				CLANG_WARN_SUSPICIOUS_MOVE = YES;
				CLANG_WARN_UNGUARDED_AVAILABILITY = YES_AGGRESSIVE;
				CLANG_WARN_UNREACHABLE_CODE = YES;
				CLANG_WARN__DUPLICATE_METHOD_MATCH = YES;
				COPY_PHASE_STRIP = NO;
				DEBUG_INFORMATION_FORMAT = "dwarf-with-dsym";
				ENABLE_NS_ASSERTIONS = NO;
				ENABLE_STRICT_OBJC_MSGSEND = YES;
				GCC_C_LANGUAGE_STANDARD = gnu11;
				GCC_NO_COMMON_BLOCKS = YES;
				GCC_WARN_64_TO_32_BIT_CONVERSION = YES;
				GCC_WARN_ABOUT_RETURN_TYPE = YES_ERROR;
				GCC_WARN_UNDECLARED_SELECTOR = YES;
				GCC_WARN_UNINITIALIZED_AUTOS = YES_AGGRESSIVE;
				GCC_WARN_UNUSED_FUNCTION = YES;
				GCC_WARN_UNUSED_VARIABLE = YES;
				IPHONEOS_DEPLOYMENT_TARGET = 16.2;
				MTL_ENABLE_DEBUG_INFO = NO;
				MTL_FAST_MATH = YES;
				SDKROOT = iphoneos;
				SWIFT_COMPILATION_MODE = wholemodule;
				SWIFT_OPTIMIZATION_LEVEL = "-O";
				VALIDATE_PRODUCT = YES;
			};
			name = Release;
		};
		B6ABF5AD2A2CF8DB00E0A40B /* Debug */ = {
			isa = XCBuildConfiguration;
			buildSettings = {
				ASSETCATALOG_COMPILER_APPICON_NAME = AppIcon;
				ASSETCATALOG_COMPILER_GLOBAL_ACCENT_COLOR_NAME = AccentColor;
				CODE_SIGN_STYLE = Automatic;
				CURRENT_PROJECT_VERSION = 1;
				DEVELOPMENT_ASSET_PATHS = "\"SwiftUIMapApp/Preview Content\"";
				DEVELOPMENT_TEAM = 4S5N4DZ3T3;
				ENABLE_PREVIEWS = YES;
				GENERATE_INFOPLIST_FILE = YES;
				INFOPLIST_KEY_UIApplicationSceneManifest_Generation = YES;
				INFOPLIST_KEY_UIApplicationSupportsIndirectInputEvents = YES;
				INFOPLIST_KEY_UILaunchScreen_Generation = YES;
				INFOPLIST_KEY_UISupportedInterfaceOrientations_iPad = "UIInterfaceOrientationPortrait UIInterfaceOrientationPortraitUpsideDown UIInterfaceOrientationLandscapeLeft UIInterfaceOrientationLandscapeRight";
				INFOPLIST_KEY_UISupportedInterfaceOrientations_iPhone = "UIInterfaceOrientationPortrait UIInterfaceOrientationLandscapeLeft UIInterfaceOrientationLandscapeRight";
				LD_RUNPATH_SEARCH_PATHS = (
					"$(inherited)",
					"@executable_path/Frameworks",
				);
				MARKETING_VERSION = 1.0;
				PRODUCT_BUNDLE_IDENTIFIER = com.spencer..SwiftUIMapApp;
				PRODUCT_NAME = "$(TARGET_NAME)";
				SWIFT_EMIT_LOC_STRINGS = YES;
				SWIFT_VERSION = 5.0;
				TARGETED_DEVICE_FAMILY = "1,2";
			};
			name = Debug;
		};
		B6ABF5AE2A2CF8DB00E0A40B /* Release */ = {
			isa = XCBuildConfiguration;
			buildSettings = {
				ASSETCATALOG_COMPILER_APPICON_NAME = AppIcon;
				ASSETCATALOG_COMPILER_GLOBAL_ACCENT_COLOR_NAME = AccentColor;
				CODE_SIGN_STYLE = Automatic;
				CURRENT_PROJECT_VERSION = 1;
				DEVELOPMENT_ASSET_PATHS = "\"SwiftUIMapApp/Preview Content\"";
				DEVELOPMENT_TEAM = 4S5N4DZ3T3;
				ENABLE_PREVIEWS = YES;
				GENERATE_INFOPLIST_FILE = YES;
				INFOPLIST_KEY_UIApplicationSceneManifest_Generation = YES;
				INFOPLIST_KEY_UIApplicationSupportsIndirectInputEvents = YES;
				INFOPLIST_KEY_UILaunchScreen_Generation = YES;
				INFOPLIST_KEY_UISupportedInterfaceOrientations_iPad = "UIInterfaceOrientationPortrait UIInterfaceOrientationPortraitUpsideDown UIInterfaceOrientationLandscapeLeft UIInterfaceOrientationLandscapeRight";
				INFOPLIST_KEY_UISupportedInterfaceOrientations_iPhone = "UIInterfaceOrientationPortrait UIInterfaceOrientationLandscapeLeft UIInterfaceOrientationLandscapeRight";
				LD_RUNPATH_SEARCH_PATHS = (
					"$(inherited)",
					"@executable_path/Frameworks",
				);
				MARKETING_VERSION = 1.0;
				PRODUCT_BUNDLE_IDENTIFIER = com.spencer..SwiftUIMapApp;
				PRODUCT_NAME = "$(TARGET_NAME)";
				SWIFT_EMIT_LOC_STRINGS = YES;
				SWIFT_VERSION = 5.0;
				TARGETED_DEVICE_FAMILY = "1,2";
			};
			name = Release;
		};
/* End XCBuildConfiguration section */

/* Begin XCConfigurationList section */
		B6ABF5992A2CF8DA00E0A40B /* Build configuration list for PBXProject "SwiftUIMapApp" */ = {
			isa = XCConfigurationList;
			buildConfigurations = (
				B6ABF5AA2A2CF8DB00E0A40B /* Debug */,
				B6ABF5AB2A2CF8DB00E0A40B /* Release */,
			);
			defaultConfigurationIsVisible = 0;
			defaultConfigurationName = Release;
		};
		B6ABF5AC2A2CF8DB00E0A40B /* Build configuration list for PBXNativeTarget "SwiftUIMapApp" */ = {
			isa = XCConfigurationList;
			buildConfigurations = (
				B6ABF5AD2A2CF8DB00E0A40B /* Debug */,
				B6ABF5AE2A2CF8DB00E0A40B /* Release */,
			);
			defaultConfigurationIsVisible = 0;
			defaultConfigurationName = Release;
		};
/* End XCConfigurationList section */
	};
	rootObject = B6ABF5962A2CF8DA00E0A40B /* Project object */;
}
